
Microsoft Visual Studio Solution File, Format Version 12.00
# Visual Studio 14
VisualStudioVersion = 14.0.25420.1
MinimumVisualStudioVersion = 10.0.40219.1
Project("{8BC9CEB8-8B4A-11D0-8D11-00A0C91BC942}") = "opengl", "opengl\opengl.vcxproj", "{F4F74A1A-29CF-482B-BE95-95BABEB4D7FA}"
	ProjectSection(ProjectDependencies) = postProject
		{3E833E0A-7D60-4C27-8882-FD8B890A574A} = {3E833E0A-7D60-4C27-8882-FD8B890A574A}
		{D8AA1C41-8AA9-49A1-A22F-978F2EC6E4C4} = {D8AA1C41-8AA9-49A1-A22F-978F2EC6E4C4}
		{AFBFF2B5-CF92-458E-990E-AA4509CBB2D8} = {AFBFF2B5-CF92-458E-990E-AA4509CBB2D8}
	EndProjectSection
EndProject
Project("{8BC9CEB8-8B4A-11D0-8D11-00A0C91BC942}") = "jlgbase", "jlgbase\jlgbase.vcxproj", "{3E833E0A-7D60-4C27-8882-FD8B890A574A}"
EndProject
Project("{2150E333-8FDC-42A3-9474-1A3956D46DE8}") = "Solution Items", "Solution Items", "{1C0DB2D8-85ED-47CC-9BC3-346511D567B0}"
	ProjectSection(SolutionItems) = preProject
		..\..\include\jlg\jlgbase.h = ..\..\include\jlg\jlgbase.h
	EndProjectSection
EndProject
Project("{8BC9CEB8-8B4A-11D0-8D11-00A0C91BC942}") = "jlgmodel", "jlgmodel\jlgmodel.vcxproj", "{D8AA1C41-8AA9-49A1-A22F-978F2EC6E4C4}"
	ProjectSection(ProjectDependencies) = postProject
		{A12163E6-E4C6-4A4F-9566-0C697DF553E4} = {A12163E6-E4C6-4A4F-9566-0C697DF553E4}
	EndProjectSection
EndProject
Project("{8BC9CEB8-8B4A-11D0-8D11-00A0C91BC942}") = "jlgshading_mgr", "jlgshading_mgr\jlgshading_mgr.vcxproj", "{AFBFF2B5-CF92-458E-990E-AA4509CBB2D8}"
	ProjectSection(ProjectDependencies) = postProject
		{BAFCFA00-4045-4B8C-BFAB-53BD1E89B9B4} = {BAFCFA00-4045-4B8C-BFAB-53BD1E89B9B4}
		{73E21471-7F58-4EFB-AF2A-E6CBE6ED62FE} = {73E21471-7F58-4EFB-AF2A-E6CBE6ED62FE}
		{6E21DF90-A1F8-48FD-85C8-A28FCAA3D9D5} = {6E21DF90-A1F8-48FD-85C8-A28FCAA3D9D5}
	EndProjectSection
EndProject
Project("{8BC9CEB8-8B4A-11D0-8D11-00A0C91BC942}") = "jlgcamera", "jlgcamera\jlgcamera.vcxproj", "{6E21DF90-A1F8-48FD-85C8-A28FCAA3D9D5}"
EndProject
Project("{2150E333-8FDC-42A3-9474-1A3956D46DE8}") = "base_libs", "base_libs", "{3006160B-C763-4278-B3B5-527DBE6E0463}"
EndProject
Project("{8BC9CEB8-8B4A-11D0-8D11-00A0C91BC942}") = "jlgwindow", "jlgwindow\jlgwindow.vcxproj", "{D1F1F9E5-CB9B-4B5A-93C2-8C03E14BF9CC}"
EndProject
Project("{8BC9CEB8-8B4A-11D0-8D11-00A0C91BC942}") = "jlgshader", "jlgshader\jlgshader.vcxproj", "{73E21471-7F58-4EFB-AF2A-E6CBE6ED62FE}"
EndProject
Project("{8BC9CEB8-8B4A-11D0-8D11-00A0C91BC942}") = "jlgtexture", "jlgtexture\jlgtexture.vcxproj", "{BAFCFA00-4045-4B8C-BFAB-53BD1E89B9B4}"
EndProject
Project("{8BC9CEB8-8B4A-11D0-8D11-00A0C91BC942}") = "jlgshape", "jlgshape\jlgshape.vcxproj", "{A12163E6-E4C6-4A4F-9566-0C697DF553E4}"
EndProject
Project("{2150E333-8FDC-42A3-9474-1A3956D46DE8}") = "model_libs", "model_libs", "{42B07AB3-1AF1-4988-A00F-DC4918B55317}"
EndProject
Project("{2150E333-8FDC-42A3-9474-1A3956D46DE8}") = "shading_libs", "shading_libs", "{515B0C9D-F576-4715-A72C-333D0C68C056}"
EndProject
Global
	GlobalSection(SolutionConfigurationPlatforms) = preSolution
		Debug|x64 = Debug|x64
		Debug|x86 = Debug|x86
		Release|x64 = Release|x64
		Release|x86 = Release|x86
	EndGlobalSection
	GlobalSection(ProjectConfigurationPlatforms) = postSolution
		{F4F74A1A-29CF-482B-BE95-95BABEB4D7FA}.Debug|x64.ActiveCfg = Debug|x64
		{F4F74A1A-29CF-482B-BE95-95BABEB4D7FA}.Debug|x64.Build.0 = Debug|x64
		{F4F74A1A-29CF-482B-BE95-95BABEB4D7FA}.Debug|x86.ActiveCfg = Debug|Win32
		{F4F74A1A-29CF-482B-BE95-95BABEB4D7FA}.Debug|x86.Build.0 = Debug|Win32
		{F4F74A1A-29CF-482B-BE95-95BABEB4D7FA}.Release|x64.ActiveCfg = Release|x64
		{F4F74A1A-29CF-482B-BE95-95BABEB4D7FA}.Release|x64.Build.0 = Release|x64
		{F4F74A1A-29CF-482B-BE95-95BABEB4D7FA}.Release|x86.ActiveCfg = Release|Win32
		{F4F74A1A-29CF-482B-BE95-95BABEB4D7FA}.Release|x86.Build.0 = Release|Win32
		{3E833E0A-7D60-4C27-8882-FD8B890A574A}.Debug|x64.ActiveCfg = Debug|x64
		{3E833E0A-7D60-4C27-8882-FD8B890A574A}.Debug|x64.Build.0 = Debug|x64
		{3E833E0A-7D60-4C27-8882-FD8B890A574A}.Debug|x86.ActiveCfg = Debug|Win32
		{3E833E0A-7D60-4C27-8882-FD8B890A574A}.Debug|x86.Build.0 = Debug|Win32
		{3E833E0A-7D60-4C27-8882-FD8B890A574A}.Release|x64.ActiveCfg = Release|x64
		{3E833E0A-7D60-4C27-8882-FD8B890A574A}.Release|x64.Build.0 = Release|x64
		{3E833E0A-7D60-4C27-8882-FD8B890A574A}.Release|x86.ActiveCfg = Release|Win32
		{3E833E0A-7D60-4C27-8882-FD8B890A574A}.Release|x86.Build.0 = Release|Win32
		{D8AA1C41-8AA9-49A1-A22F-978F2EC6E4C4}.Debug|x64.ActiveCfg = Debug|x64
		{D8AA1C41-8AA9-49A1-A22F-978F2EC6E4C4}.Debug|x64.Build.0 = Debug|x64
		{D8AA1C41-8AA9-49A1-A22F-978F2EC6E4C4}.Debug|x86.ActiveCfg = Debug|Win32
		{D8AA1C41-8AA9-49A1-A22F-978F2EC6E4C4}.Debug|x86.Build.0 = Debug|Win32
		{D8AA1C41-8AA9-49A1-A22F-978F2EC6E4C4}.Release|x64.ActiveCfg = Release|x64
		{D8AA1C41-8AA9-49A1-A22F-978F2EC6E4C4}.Release|x64.Build.0 = Release|x64
		{D8AA1C41-8AA9-49A1-A22F-978F2EC6E4C4}.Release|x86.ActiveCfg = Release|Win32
		{D8AA1C41-8AA9-49A1-A22F-978F2EC6E4C4}.Release|x86.Build.0 = Release|Win32
		{AFBFF2B5-CF92-458E-990E-AA4509CBB2D8}.Debug|x64.ActiveCfg = Debug|x64
		{AFBFF2B5-CF92-458E-990E-AA4509CBB2D8}.Debug|x64.Build.0 = Debug|x64
		{AFBFF2B5-CF92-458E-990E-AA4509CBB2D8}.Debug|x86.ActiveCfg = Debug|Win32
		{AFBFF2B5-CF92-458E-990E-AA4509CBB2D8}.Debug|x86.Build.0 = Debug|Win32
		{AFBFF2B5-CF92-458E-990E-AA4509CBB2D8}.Release|x64.ActiveCfg = Release|x64
		{AFBFF2B5-CF92-458E-990E-AA4509CBB2D8}.Release|x64.Build.0 = Release|x64
		{AFBFF2B5-CF92-458E-990E-AA4509CBB2D8}.Release|x86.ActiveCfg = Release|Win32
		{AFBFF2B5-CF92-458E-990E-AA4509CBB2D8}.Release|x86.Build.0 = Release|Win32
		{6E21DF90-A1F8-48FD-85C8-A28FCAA3D9D5}.Debug|x64.ActiveCfg = Debug|x64
		{6E21DF90-A1F8-48FD-85C8-A28FCAA3D9D5}.Debug|x64.Build.0 = Debug|x64
		{6E21DF90-A1F8-48FD-85C8-A28FCAA3D9D5}.Debug|x86.ActiveCfg = Debug|Win32
		{6E21DF90-A1F8-48FD-85C8-A28FCAA3D9D5}.Debug|x86.Build.0 = Debug|Win32
		{6E21DF90-A1F8-48FD-85C8-A28FCAA3D9D5}.Release|x64.ActiveCfg = Release|x64
		{6E21DF90-A1F8-48FD-85C8-A28FCAA3D9D5}.Release|x64.Build.0 = Release|x64
		{6E21DF90-A1F8-48FD-85C8-A28FCAA3D9D5}.Release|x86.ActiveCfg = Release|Win32
		{6E21DF90-A1F8-48FD-85C8-A28FCAA3D9D5}.Release|x86.Build.0 = Release|Win32
		{D1F1F9E5-CB9B-4B5A-93C2-8C03E14BF9CC}.Debug|x64.ActiveCfg = Debug|x64
		{D1F1F9E5-CB9B-4B5A-93C2-8C03E14BF9CC}.Debug|x64.Build.0 = Debug|x64
		{D1F1F9E5-CB9B-4B5A-93C2-8C03E14BF9CC}.Debug|x86.ActiveCfg = Debug|Win32
		{D1F1F9E5-CB9B-4B5A-93C2-8C03E14BF9CC}.Debug|x86.Build.0 = Debug|Win32
		{D1F1F9E5-CB9B-4B5A-93C2-8C03E14BF9CC}.Release|x64.ActiveCfg = Release|x64
		{D1F1F9E5-CB9B-4B5A-93C2-8C03E14BF9CC}.Release|x64.Build.0 = Release|x64
		{D1F1F9E5-CB9B-4B5A-93C2-8C03E14BF9CC}.Release|x86.ActiveCfg = Release|Win32
		{D1F1F9E5-CB9B-4B5A-93C2-8C03E14BF9CC}.Release|x86.Build.0 = Release|Win32
		{73E21471-7F58-4EFB-AF2A-E6CBE6ED62FE}.Debug|x64.ActiveCfg = Debug|x64
		{73E21471-7F58-4EFB-AF2A-E6CBE6ED62FE}.Debug|x64.Build.0 = Debug|x64
		{73E21471-7F58-4EFB-AF2A-E6CBE6ED62FE}.Debug|x86.ActiveCfg = Debug|Win32
		{73E21471-7F58-4EFB-AF2A-E6CBE6ED62FE}.Debug|x86.Build.0 = Debug|Win32
		{73E21471-7F58-4EFB-AF2A-E6CBE6ED62FE}.Release|x64.ActiveCfg = Release|x64
		{73E21471-7F58-4EFB-AF2A-E6CBE6ED62FE}.Release|x64.Build.0 = Release|x64
		{73E21471-7F58-4EFB-AF2A-E6CBE6ED62FE}.Release|x86.ActiveCfg = Release|Win32
		{73E21471-7F58-4EFB-AF2A-E6CBE6ED62FE}.Release|x86.Build.0 = Release|Win32
		{BAFCFA00-4045-4B8C-BFAB-53BD1E89B9B4}.Debug|x64.ActiveCfg = Debug|x64
		{BAFCFA00-4045-4B8C-BFAB-53BD1E89B9B4}.Debug|x64.Build.0 = Debug|x64
		{BAFCFA00-4045-4B8C-BFAB-53BD1E89B9B4}.Debug|x86.ActiveCfg = Debug|Win32
		{BAFCFA00-4045-4B8C-BFAB-53BD1E89B9B4}.Debug|x86.Build.0 = Debug|Win32
		{BAFCFA00-4045-4B8C-BFAB-53BD1E89B9B4}.Release|x64.ActiveCfg = Release|x64
		{BAFCFA00-4045-4B8C-BFAB-53BD1E89B9B4}.Release|x64.Build.0 = Release|x64
		{BAFCFA00-4045-4B8C-BFAB-53BD1E89B9B4}.Release|x86.ActiveCfg = Release|Win32
		{BAFCFA00-4045-4B8C-BFAB-53BD1E89B9B4}.Release|x86.Build.0 = Release|Win32
		{A12163E6-E4C6-4A4F-9566-0C697DF553E4}.Debug|x64.ActiveCfg = Debug|x64
		{A12163E6-E4C6-4A4F-9566-0C697DF553E4}.Debug|x64.Build.0 = Debug|x64
		{A12163E6-E4C6-4A4F-9566-0C697DF553E4}.Debug|x86.ActiveCfg = Debug|Win32
		{A12163E6-E4C6-4A4F-9566-0C697DF553E4}.Debug|x86.Build.0 = Debug|Win32
		{A12163E6-E4C6-4A4F-9566-0C697DF553E4}.Release|x64.ActiveCfg = Release|x64
		{A12163E6-E4C6-4A4F-9566-0C697DF553E4}.Release|x64.Build.0 = Release|x64
		{A12163E6-E4C6-4A4F-9566-0C697DF553E4}.Release|x86.ActiveCfg = Release|Win32
		{A12163E6-E4C6-4A4F-9566-0C697DF553E4}.Release|x86.Build.0 = Release|Win32
	EndGlobalSection
	GlobalSection(SolutionProperties) = preSolution
		HideSolutionNode = FALSE
	EndGlobalSection
	GlobalSection(NestedProjects) = preSolution
		{3E833E0A-7D60-4C27-8882-FD8B890A574A} = {3006160B-C763-4278-B3B5-527DBE6E0463}
		{D8AA1C41-8AA9-49A1-A22F-978F2EC6E4C4} = {42B07AB3-1AF1-4988-A00F-DC4918B55317}
		{AFBFF2B5-CF92-458E-990E-AA4509CBB2D8} = {515B0C9D-F576-4715-A72C-333D0C68C056}
		{6E21DF90-A1F8-48FD-85C8-A28FCAA3D9D5} = {3006160B-C763-4278-B3B5-527DBE6E0463}
		{D1F1F9E5-CB9B-4B5A-93C2-8C03E14BF9CC} = {3006160B-C763-4278-B3B5-527DBE6E0463}
		{73E21471-7F58-4EFB-AF2A-E6CBE6ED62FE} = {3006160B-C763-4278-B3B5-527DBE6E0463}
		{BAFCFA00-4045-4B8C-BFAB-53BD1E89B9B4} = {3006160B-C763-4278-B3B5-527DBE6E0463}
		{A12163E6-E4C6-4A4F-9566-0C697DF553E4} = {3006160B-C763-4278-B3B5-527DBE6E0463}
	EndGlobalSection
EndGlobal
