
Microsoft Visual Studio Solution File, Format Version 12.00
# Visual Studio 14
VisualStudioVersion = 14.0.25420.1
MinimumVisualStudioVersion = 10.0.40219.1
Project("{8BC9CEB8-8B4A-11D0-8D11-00A0C91BC942}") = "opengl", "opengl\opengl.vcxproj", "{F4F74A1A-29CF-482B-BE95-95BABEB4D7FA}"
EndProject
Project("{8BC9CEB8-8B4A-11D0-8D11-00A0C91BC942}") = "jlgbase", "jlgbase\jlgbase.vcxproj", "{3E833E0A-7D60-4C27-8882-FD8B890A574A}"
EndProject
Global
	GlobalSection(SolutionConfigurationPlatforms) = preSolution
		Debug|x64 = Debug|x64
		Debug|x86 = Debug|x86
		Release|x64 = Release|x64
		Release|x86 = Release|x86
	EndGlobalSection
	GlobalSection(ProjectConfigurationPlatforms) = postSolution
		{F4F74A1A-29CF-482B-BE95-95BABEB4D7FA}.Debug|x64.ActiveCfg = Debug|x64
		{F4F74A1A-29CF-482B-BE95-95BABEB4D7FA}.Debug|x64.Build.0 = Debug|x64
		{F4F74A1A-29CF-482B-BE95-95BABEB4D7FA}.Debug|x86.ActiveCfg = Debug|Win32
		{F4F74A1A-29CF-482B-BE95-95BABEB4D7FA}.Debug|x86.Build.0 = Debug|Win32
		{F4F74A1A-29CF-482B-BE95-95BABEB4D7FA}.Release|x64.ActiveCfg = Release|x64
		{F4F74A1A-29CF-482B-BE95-95BABEB4D7FA}.Release|x64.Build.0 = Release|x64
		{F4F74A1A-29CF-482B-BE95-95BABEB4D7FA}.Release|x86.ActiveCfg = Release|Win32
		{F4F74A1A-29CF-482B-BE95-95BABEB4D7FA}.Release|x86.Build.0 = Release|Win32
		{3E833E0A-7D60-4C27-8882-FD8B890A574A}.Debug|x64.ActiveCfg = Debug|x64
		{3E833E0A-7D60-4C27-8882-FD8B890A574A}.Debug|x64.Build.0 = Debug|x64
		{3E833E0A-7D60-4C27-8882-FD8B890A574A}.Debug|x86.ActiveCfg = Debug|Win32
		{3E833E0A-7D60-4C27-8882-FD8B890A574A}.Debug|x86.Build.0 = Debug|Win32
		{3E833E0A-7D60-4C27-8882-FD8B890A574A}.Release|x64.ActiveCfg = Release|x64
		{3E833E0A-7D60-4C27-8882-FD8B890A574A}.Release|x64.Build.0 = Release|x64
		{3E833E0A-7D60-4C27-8882-FD8B890A574A}.Release|x86.ActiveCfg = Release|Win32
		{3E833E0A-7D60-4C27-8882-FD8B890A574A}.Release|x86.Build.0 = Release|Win32
	EndGlobalSection
	GlobalSection(SolutionProperties) = preSolution
		HideSolutionNode = FALSE
	EndGlobalSection
EndGlobal
